// !$*UTF8*$!
{
	archiveVersion = 1;
	classes = {
	};
	objectVersion = 50;
	objects = {

/* Begin PBXBuildFile section */
		040BCB812159430E00EC77C3 /* AppDelegate.swift in Sources */ = {isa = PBXBuildFile; fileRef = 040BCB802159430E00EC77C3 /* AppDelegate.swift */; };
		040BCB832159430E00EC77C3 /* ViewController.swift in Sources */ = {isa = PBXBuildFile; fileRef = 040BCB822159430E00EC77C3 /* ViewController.swift */; };
		040BCB862159430E00EC77C3 /* Main.storyboard in Resources */ = {isa = PBXBuildFile; fileRef = 040BCB842159430E00EC77C3 /* Main.storyboard */; };
		040BCB882159430E00EC77C3 /* Assets.xcassets in Resources */ = {isa = PBXBuildFile; fileRef = 040BCB872159430E00EC77C3 /* Assets.xcassets */; };
		040BCB8B2159430E00EC77C3 /* LaunchScreen.storyboard in Resources */ = {isa = PBXBuildFile; fileRef = 040BCB892159430E00EC77C3 /* LaunchScreen.storyboard */; };
		040BCB962159430F00EC77C3 /* PDFReaderTests.swift in Sources */ = {isa = PBXBuildFile; fileRef = 040BCB952159430F00EC77C3 /* PDFReaderTests.swift */; };
		040BCBA12159430F00EC77C3 /* PDFReaderUITests.swift in Sources */ = {isa = PBXBuildFile; fileRef = 040BCBA02159430F00EC77C3 /* PDFReaderUITests.swift */; };
/* End PBXBuildFile section */

/* Begin PBXContainerItemProxy section */
		040BCB922159430F00EC77C3 /* PBXContainerItemProxy */ = {
			isa = PBXContainerItemProxy;
			containerPortal = 040BCB752159430D00EC77C3 /* Project object */;
			proxyType = 1;
			remoteGlobalIDString = 040BCB7C2159430E00EC77C3;
			remoteInfo = PDFReader;
		};
		040BCB9D2159430F00EC77C3 /* PBXContainerItemProxy */ = {
			isa = PBXContainerItemProxy;
			containerPortal = 040BCB752159430D00EC77C3 /* Project object */;
			proxyType = 1;
			remoteGlobalIDString = 040BCB7C2159430E00EC77C3;
			remoteInfo = PDFReader;
		};
/* End PBXContainerItemProxy section */

/* Begin PBXFileReference section */
		040BCB7D2159430E00EC77C3 /* PDFReader.app */ = {isa = PBXFileReference; explicitFileType = wrapper.application; includeInIndex = 0; path = PDFReader.app; sourceTree = BUILT_PRODUCTS_DIR; };
		040BCB802159430E00EC77C3 /* AppDelegate.swift */ = {isa = PBXFileReference; lastKnownFileType = sourcecode.swift; path = AppDelegate.swift; sourceTree = "<group>"; };
		040BCB822159430E00EC77C3 /* ViewController.swift */ = {isa = PBXFileReference; lastKnownFileType = sourcecode.swift; path = ViewController.swift; sourceTree = "<group>"; };
		040BCB852159430E00EC77C3 /* Base */ = {isa = PBXFileReference; lastKnownFileType = file.storyboard; name = Base; path = Base.lproj/Main.storyboard; sourceTree = "<group>"; };
		040BCB872159430E00EC77C3 /* Assets.xcassets */ = {isa = PBXFileReference; lastKnownFileType = folder.assetcatalog; path = Assets.xcassets; sourceTree = "<group>"; };
		040BCB8A2159430E00EC77C3 /* Base */ = {isa = PBXFileReference; lastKnownFileType = file.storyboard; name = Base; path = Base.lproj/LaunchScreen.storyboard; sourceTree = "<group>"; };
		040BCB8C2159430E00EC77C3 /* Info.plist */ = {isa = PBXFileReference; lastKnownFileType = text.plist.xml; path = Info.plist; sourceTree = "<group>"; };
		040BCB912159430F00EC77C3 /* PDFReaderTests.xctest */ = {isa = PBXFileReference; explicitFileType = wrapper.cfbundle; includeInIndex = 0; path = PDFReaderTests.xctest; sourceTree = BUILT_PRODUCTS_DIR; };
		040BCB952159430F00EC77C3 /* PDFReaderTests.swift */ = {isa = PBXFileReference; lastKnownFileType = sourcecode.swift; path = PDFReaderTests.swift; sourceTree = "<group>"; };
		040BCB972159430F00EC77C3 /* Info.plist */ = {isa = PBXFileReference; lastKnownFileType = text.plist.xml; path = Info.plist; sourceTree = "<group>"; };
		040BCB9C2159430F00EC77C3 /* PDFReaderUITests.xctest */ = {isa = PBXFileReference; explicitFileType = wrapper.cfbundle; includeInIndex = 0; path = PDFReaderUITests.xctest; sourceTree = BUILT_PRODUCTS_DIR; };
		040BCBA02159430F00EC77C3 /* PDFReaderUITests.swift */ = {isa = PBXFileReference; lastKnownFileType = sourcecode.swift; path = PDFReaderUITests.swift; sourceTree = "<group>"; };
		040BCBA22159430F00EC77C3 /* Info.plist */ = {isa = PBXFileReference; lastKnownFileType = text.plist.xml; path = Info.plist; sourceTree = "<group>"; };
/* End PBXFileReference section */

/* Begin PBXFrameworksBuildPhase section */
		040BCB7A2159430E00EC77C3 /* Frameworks */ = {
			isa = PBXFrameworksBuildPhase;
			buildActionMask = 2147483647;
			files = (
			);
			runOnlyForDeploymentPostprocessing = 0;
		};
		040BCB8E2159430F00EC77C3 /* Frameworks */ = {
			isa = PBXFrameworksBuildPhase;
			buildActionMask = 2147483647;
			files = (
			);
			runOnlyForDeploymentPostprocessing = 0;
		};
		040BCB992159430F00EC77C3 /* Frameworks */ = {
			isa = PBXFrameworksBuildPhase;
			buildActionMask = 2147483647;
			files = (
			);
			runOnlyForDeploymentPostprocessing = 0;
		};
/* End PBXFrameworksBuildPhase section */

/* Begin PBXGroup section */
		040BCB742159430D00EC77C3 = {
			isa = PBXGroup;
			children = (
				040BCB7F2159430E00EC77C3 /* PDFReader */,
				040BCB942159430F00EC77C3 /* PDFReaderTests */,
				040BCB9F2159430F00EC77C3 /* PDFReaderUITests */,
				040BCB7E2159430E00EC77C3 /* Products */,
			);
			sourceTree = "<group>";
		};
		040BCB7E2159430E00EC77C3 /* Products */ = {
			isa = PBXGroup;
			children = (
				040BCB7D2159430E00EC77C3 /* PDFReader.app */,
				040BCB912159430F00EC77C3 /* PDFReaderTests.xctest */,
				040BCB9C2159430F00EC77C3 /* PDFReaderUITests.xctest */,
			);
			name = Products;
			sourceTree = "<group>";
		};
		040BCB7F2159430E00EC77C3 /* PDFReader */ = {
			isa = PBXGroup;
			children = (
				040BCB802159430E00EC77C3 /* AppDelegate.swift */,
				040BCB822159430E00EC77C3 /* ViewController.swift */,
				040BCB842159430E00EC77C3 /* Main.storyboard */,
				040BCB872159430E00EC77C3 /* Assets.xcassets */,
				040BCB892159430E00EC77C3 /* LaunchScreen.storyboard */,
				040BCB8C2159430E00EC77C3 /* Info.plist */,
			);
			path = PDFReader;
			sourceTree = "<group>";
		};
		040BCB942159430F00EC77C3 /* PDFReaderTests */ = {
			isa = PBXGroup;
			children = (
				040BCB952159430F00EC77C3 /* PDFReaderTests.swift */,
				040BCB972159430F00EC77C3 /* Info.plist */,
			);
			path = PDFReaderTests;
			sourceTree = "<group>";
		};
		040BCB9F2159430F00EC77C3 /* PDFReaderUITests */ = {
			isa = PBXGroup;
			children = (
				040BCBA02159430F00EC77C3 /* PDFReaderUITests.swift */,
				040BCBA22159430F00EC77C3 /* Info.plist */,
			);
			path = PDFReaderUITests;
			sourceTree = "<group>";
		};
/* End PBXGroup section */

/* Begin PBXNativeTarget section */
		040BCB7C2159430E00EC77C3 /* PDFReader */ = {
			isa = PBXNativeTarget;
			buildConfigurationList = 040BCBA52159430F00EC77C3 /* Build configuration list for PBXNativeTarget "PDFReader" */;
			buildPhases = (
				040BCB792159430E00EC77C3 /* Sources */,
				040BCB7A2159430E00EC77C3 /* Frameworks */,
				040BCB7B2159430E00EC77C3 /* Resources */,
			);
			buildRules = (
			);
			dependencies = (
			);
			name = PDFReader;
			productName = PDFReader;
			productReference = 040BCB7D2159430E00EC77C3 /* PDFReader.app */;
			productType = "com.apple.product-type.application";
		};
		040BCB902159430F00EC77C3 /* PDFReaderTests */ = {
			isa = PBXNativeTarget;
			buildConfigurationList = 040BCBA82159430F00EC77C3 /* Build configuration list for PBXNativeTarget "PDFReaderTests" */;
			buildPhases = (
				040BCB8D2159430F00EC77C3 /* Sources */,
				040BCB8E2159430F00EC77C3 /* Frameworks */,
				040BCB8F2159430F00EC77C3 /* Resources */,
			);
			buildRules = (
			);
			dependencies = (
				040BCB932159430F00EC77C3 /* PBXTargetDependency */,
			);
			name = PDFReaderTests;
			productName = PDFReaderTests;
			productReference = 040BCB912159430F00EC77C3 /* PDFReaderTests.xctest */;
			productType = "com.apple.product-type.bundle.unit-test";
		};
		040BCB9B2159430F00EC77C3 /* PDFReaderUITests */ = {
			isa = PBXNativeTarget;
			buildConfigurationList = 040BCBAB2159430F00EC77C3 /* Build configuration list for PBXNativeTarget "PDFReaderUITests" */;
			buildPhases = (
				040BCB982159430F00EC77C3 /* Sources */,
				040BCB992159430F00EC77C3 /* Frameworks */,
				040BCB9A2159430F00EC77C3 /* Resources */,
			);
			buildRules = (
			);
			dependencies = (
				040BCB9E2159430F00EC77C3 /* PBXTargetDependency */,
			);
			name = PDFReaderUITests;
			productName = PDFReaderUITests;
			productReference = 040BCB9C2159430F00EC77C3 /* PDFReaderUITests.xctest */;
			productType = "com.apple.product-type.bundle.ui-testing";
		};
/* End PBXNativeTarget section */

/* Begin PBXProject section */
		040BCB752159430D00EC77C3 /* Project object */ = {
			isa = PBXProject;
			attributes = {
				LastSwiftUpdateCheck = 0940;
				LastUpgradeCheck = 0940;
				ORGANIZATIONNAME = "Alexander Andriushchenko";
				TargetAttributes = {
					040BCB7C2159430E00EC77C3 = {
						CreatedOnToolsVersion = 9.4.1;
					};
					040BCB902159430F00EC77C3 = {
						CreatedOnToolsVersion = 9.4.1;
						TestTargetID = 040BCB7C2159430E00EC77C3;
					};
					040BCB9B2159430F00EC77C3 = {
						CreatedOnToolsVersion = 9.4.1;
						TestTargetID = 040BCB7C2159430E00EC77C3;
					};
				};
			};
			buildConfigurationList = 040BCB782159430D00EC77C3 /* Build configuration list for PBXProject "PDFReader" */;
			compatibilityVersion = "Xcode 9.3";
			developmentRegion = en;
			hasScannedForEncodings = 0;
			knownRegions = (
				en,
				Base,
			);
			mainGroup = 040BCB742159430D00EC77C3;
			productRefGroup = 040BCB7E2159430E00EC77C3 /* Products */;
			projectDirPath = "";
			projectRoot = "";
			targets = (
				040BCB7C2159430E00EC77C3 /* PDFReader */,
				040BCB902159430F00EC77C3 /* PDFReaderTests */,
				040BCB9B2159430F00EC77C3 /* PDFReaderUITests */,
			);
		};
/* End PBXProject section */

/* Begin PBXResourcesBuildPhase section */
		040BCB7B2159430E00EC77C3 /* Resources */ = {
			isa = PBXResourcesBuildPhase;
			buildActionMask = 2147483647;
			files = (
				040BCB8B2159430E00EC77C3 /* LaunchScreen.storyboard in Resources */,
				040BCB882159430E00EC77C3 /* Assets.xcassets in Resources */,
				040BCB862159430E00EC77C3 /* Main.storyboard in Resources */,
			);
			runOnlyForDeploymentPostprocessing = 0;
		};
		040BCB8F2159430F00EC77C3 /* Resources */ = {
			isa = PBXResourcesBuildPhase;
			buildActionMask = 2147483647;
			files = (
			);
			runOnlyForDeploymentPostprocessing = 0;
		};
		040BCB9A2159430F00EC77C3 /* Resources */ = {
			isa = PBXResourcesBuildPhase;
			buildActionMask = 2147483647;
			files = (
			);
			runOnlyForDeploymentPostprocessing = 0;
		};
/* End PBXResourcesBuildPhase section */

/* Begin PBXSourcesBuildPhase section */
		040BCB792159430E00EC77C3 /* Sources */ = {
			isa = PBXSourcesBuildPhase;
			buildActionMask = 2147483647;
			files = (
				040BCB832159430E00EC77C3 /* ViewController.swift in Sources */,
				040BCB812159430E00EC77C3 /* AppDelegate.swift in Sources */,
			);
			runOnlyForDeploymentPostprocessing = 0;
		};
		040BCB8D2159430F00EC77C3 /* Sources */ = {
			isa = PBXSourcesBuildPhase;
			buildActionMask = 2147483647;
			files = (
				040BCB962159430F00EC77C3 /* PDFReaderTests.swift in Sources */,
			);
			runOnlyForDeploymentPostprocessing = 0;
		};
		040BCB982159430F00EC77C3 /* Sources */ = {
			isa = PBXSourcesBuildPhase;
			buildActionMask = 2147483647;
			files = (
				040BCBA12159430F00EC77C3 /* PDFReaderUITests.swift in Sources */,
			);
			runOnlyForDeploymentPostprocessing = 0;
		};
/* End PBXSourcesBuildPhase section */

/* Begin PBXTargetDependency section */
		040BCB932159430F00EC77C3 /* PBXTargetDependency */ = {
			isa = PBXTargetDependency;
			target = 040BCB7C2159430E00EC77C3 /* PDFReader */;
			targetProxy = 040BCB922159430F00EC77C3 /* PBXContainerItemProxy */;
		};
		040BCB9E2159430F00EC77C3 /* PBXTargetDependency */ = {
			isa = PBXTargetDependency;
			target = 040BCB7C2159430E00EC77C3 /* PDFReader */;
			targetProxy = 040BCB9D2159430F00EC77C3 /* PBXContainerItemProxy */;
		};
/* End PBXTargetDependency section */

/* Begin PBXVariantGroup section */
		040BCB842159430E00EC77C3 /* Main.storyboard */ = {
			isa = PBXVariantGroup;
			children = (
				040BCB852159430E00EC77C3 /* Base */,
			);
			name = Main.storyboard;
			sourceTree = "<group>";
		};
		040BCB892159430E00EC77C3 /* LaunchScreen.storyboard */ = {
			isa = PBXVariantGroup;
			children = (
				040BCB8A2159430E00EC77C3 /* Base */,
			);
			name = LaunchScreen.storyboard;
			sourceTree = "<group>";
		};
/* End PBXVariantGroup section */

/* Begin XCBuildConfiguration section */
		040BCBA32159430F00EC77C3 /* Debug */ = {
			isa = XCBuildConfiguration;
			buildSettings = {
				ALWAYS_SEARCH_USER_PATHS = NO;
				CLANG_ANALYZER_NONNULL = YES;
				CLANG_ANALYZER_NUMBER_OBJECT_CONVERSION = YES_AGGRESSIVE;
				CLANG_CXX_LANGUAGE_STANDARD = "gnu++14";
				CLANG_CXX_LIBRARY = "libc++";
				CLANG_ENABLE_MODULES = YES;
				CLANG_ENABLE_OBJC_ARC = YES;
				CLANG_ENABLE_OBJC_WEAK = YES;
				CLANG_WARN_BLOCK_CAPTURE_AUTORELEASING = YES;
				CLANG_WARN_BOOL_CONVERSION = YES;
				CLANG_WARN_COMMA = YES;
				CLANG_WARN_CONSTANT_CONVERSION = YES;
				CLANG_WARN_DEPRECATED_OBJC_IMPLEMENTATIONS = YES;
				CLANG_WARN_DIRECT_OBJC_ISA_USAGE = YES_ERROR;
				CLANG_WARN_DOCUMENTATION_COMMENTS = YES;
				CLANG_WARN_EMPTY_BODY = YES;
				CLANG_WARN_ENUM_CONVERSION = YES;
				CLANG_WARN_INFINITE_RECURSION = YES;
				CLANG_WARN_INT_CONVERSION = YES;
				CLANG_WARN_NON_LITERAL_NULL_CONVERSION = YES;
				CLANG_WARN_OBJC_IMPLICIT_RETAIN_SELF = YES;
				CLANG_WARN_OBJC_LITERAL_CONVERSION = YES;
				CLANG_WARN_OBJC_ROOT_CLASS = YES_ERROR;
				CLANG_WARN_RANGE_LOOP_ANALYSIS = YES;
				CLANG_WARN_STRICT_PROTOTYPES = YES;
				CLANG_WARN_SUSPICIOUS_MOVE = YES;
				CLANG_WARN_UNGUARDED_AVAILABILITY = YES_AGGRESSIVE;
				CLANG_WARN_UNREACHABLE_CODE = YES;
				CLANG_WARN__DUPLICATE_METHOD_MATCH = YES;
				CODE_SIGN_IDENTITY = "iPhone Developer";
				COPY_PHASE_STRIP = NO;
				DEBUG_INFORMATION_FORMAT = dwarf;
				ENABLE_STRICT_OBJC_MSGSEND = YES;
				ENABLE_TESTABILITY = YES;
				GCC_C_LANGUAGE_STANDARD = gnu11;
				GCC_DYNAMIC_NO_PIC = NO;
				GCC_NO_COMMON_BLOCKS = YES;
				GCC_OPTIMIZATION_LEVEL = 0;
				GCC_PREPROCESSOR_DEFINITIONS = (
					"DEBUG=1",
					"$(inherited)",
				);
				GCC_WARN_64_TO_32_BIT_CONVERSION = YES;
				GCC_WARN_ABOUT_RETURN_TYPE = YES_ERROR;
				GCC_WARN_UNDECLARED_SELECTOR = YES;
				GCC_WARN_UNINITIALIZED_AUTOS = YES_AGGRESSIVE;
				GCC_WARN_UNUSED_FUNCTION = YES;
				GCC_WARN_UNUSED_VARIABLE = YES;
				IPHONEOS_DEPLOYMENT_TARGET = 11.4;
				MTL_ENABLE_DEBUG_INFO = YES;
				ONLY_ACTIVE_ARCH = YES;
				SDKROOT = iphoneos;
				SWIFT_ACTIVE_COMPILATION_CONDITIONS = DEBUG;
				SWIFT_OPTIMIZATION_LEVEL = "-Onone";
			};
			name = Debug;
		};
		040BCBA42159430F00EC77C3 /* Release */ = {
			isa = XCBuildConfiguration;
			buildSettings = {
				ALWAYS_SEARCH_USER_PATHS = NO;
				CLANG_ANALYZER_NONNULL = YES;
				CLANG_ANALYZER_NUMBER_OBJECT_CONVERSION = YES_AGGRESSIVE;
				CLANG_CXX_LANGUAGE_STANDARD = "gnu++14";
				CLANG_CXX_LIBRARY = "libc++";
				CLANG_ENABLE_MODULES = YES;
				CLANG_ENABLE_OBJC_ARC = YES;
				CLANG_ENABLE_OBJC_WEAK = YES;
				CLANG_WARN_BLOCK_CAPTURE_AUTORELEASING = YES;
				CLANG_WARN_BOOL_CONVERSION = YES;
				CLANG_WARN_COMMA = YES;
				CLANG_WARN_CONSTANT_CONVERSION = YES;
				CLANG_WARN_DEPRECATED_OBJC_IMPLEMENTATIONS = YES;
				CLANG_WARN_DIRECT_OBJC_ISA_USAGE = YES_ERROR;
				CLANG_WARN_DOCUMENTATION_COMMENTS = YES;
				CLANG_WARN_EMPTY_BODY = YES;
				CLANG_WARN_ENUM_CONVERSION = YES;
				CLANG_WARN_INFINITE_RECURSION = YES;
				CLANG_WARN_INT_CONVERSION = YES;
				CLANG_WARN_NON_LITERAL_NULL_CONVERSION = YES;
				CLANG_WARN_OBJC_IMPLICIT_RETAIN_SELF = YES;
				CLANG_WARN_OBJC_LITERAL_CONVERSION = YES;
				CLANG_WARN_OBJC_ROOT_CLASS = YES_ERROR;
				CLANG_WARN_RANGE_LOOP_ANALYSIS = YES;
				CLANG_WARN_STRICT_PROTOTYPES = YES;
				CLANG_WARN_SUSPICIOUS_MOVE = YES;
				CLANG_WARN_UNGUARDED_AVAILABILITY = YES_AGGRESSIVE;
				CLANG_WARN_UNREACHABLE_CODE = YES;
				CLANG_WARN__DUPLICATE_METHOD_MATCH = YES;
				CODE_SIGN_IDENTITY = "iPhone Developer";
				COPY_PHASE_STRIP = NO;
				DEBUG_INFORMATION_FORMAT = "dwarf-with-dsym";
				ENABLE_NS_ASSERTIONS = NO;
				ENABLE_STRICT_OBJC_MSGSEND = YES;
				GCC_C_LANGUAGE_STANDARD = gnu11;
				GCC_NO_COMMON_BLOCKS = YES;
				GCC_WARN_64_TO_32_BIT_CONVERSION = YES;
				GCC_WARN_ABOUT_RETURN_TYPE = YES_ERROR;
				GCC_WARN_UNDECLARED_SELECTOR = YES;
				GCC_WARN_UNINITIALIZED_AUTOS = YES_AGGRESSIVE;
				GCC_WARN_UNUSED_FUNCTION = YES;
				GCC_WARN_UNUSED_VARIABLE = YES;
				IPHONEOS_DEPLOYMENT_TARGET = 11.4;
				MTL_ENABLE_DEBUG_INFO = NO;
				SDKROOT = iphoneos;
				SWIFT_COMPILATION_MODE = wholemodule;
				SWIFT_OPTIMIZATION_LEVEL = "-O";
				VALIDATE_PRODUCT = YES;
			};
			name = Release;
		};
		040BCBA62159430F00EC77C3 /* Debug */ = {
			isa = XCBuildConfiguration;
			buildSettings = {
				ASSETCATALOG_COMPILER_APPICON_NAME = AppIcon;
				CODE_SIGN_STYLE = Automatic;
				DEVELOPMENT_TEAM = K33J7AD8C7;
				INFOPLIST_FILE = PDFReader/Info.plist;
				LD_RUNPATH_SEARCH_PATHS = (
					"$(inherited)",
					"@executable_path/Frameworks",
				);
				PRODUCT_BUNDLE_IDENTIFIER = IDAP.PDFReader;
				PRODUCT_NAME = "$(TARGET_NAME)";
				SWIFT_VERSION = 4.0;
				TARGETED_DEVICE_FAMILY = "1,2";
			};
			name = Debug;
		};
		040BCBA72159430F00EC77C3 /* Release */ = {
			isa = XCBuildConfiguration;
			buildSettings = {
				ASSETCATALOG_COMPILER_APPICON_NAME = AppIcon;
				CODE_SIGN_STYLE = Automatic;
				DEVELOPMENT_TEAM = K33J7AD8C7;
				INFOPLIST_FILE = PDFReader/Info.plist;
				LD_RUNPATH_SEARCH_PATHS = (
					"$(inherited)",
					"@executable_path/Frameworks",
				);
				PRODUCT_BUNDLE_IDENTIFIER = IDAP.PDFReader;
				PRODUCT_NAME = "$(TARGET_NAME)";
				SWIFT_VERSION = 4.0;
				TARGETED_DEVICE_FAMILY = "1,2";
			};
			name = Release;
		};
		040BCBA92159430F00EC77C3 /* Debug */ = {
			isa = XCBuildConfiguration;
			buildSettings = {
				ALWAYS_EMBED_SWIFT_STANDARD_LIBRARIES = YES;
				BUNDLE_LOADER = "$(TEST_HOST)";
				CODE_SIGN_STYLE = Automatic;
				DEVELOPMENT_TEAM = K33J7AD8C7;
				INFOPLIST_FILE = PDFReaderTests/Info.plist;
				LD_RUNPATH_SEARCH_PATHS = (
					"$(inherited)",
					"@executable_path/Frameworks",
					"@loader_path/Frameworks",
				);
				PRODUCT_BUNDLE_IDENTIFIER = IDAP.PDFReaderTests;
				PRODUCT_NAME = "$(TARGET_NAME)";
				SWIFT_VERSION = 4.0;
				TARGETED_DEVICE_FAMILY = "1,2";
				TEST_HOST = "$(BUILT_PRODUCTS_DIR)/PDFReader.app/PDFReader";
			};
			name = Debug;
		};
		040BCBAA2159430F00EC77C3 /* Release */ = {
			isa = XCBuildConfiguration;
			buildSettings = {
				ALWAYS_EMBED_SWIFT_STANDARD_LIBRARIES = YES;
				BUNDLE_LOADER = "$(TEST_HOST)";
				CODE_SIGN_STYLE = Automatic;
				DEVELOPMENT_TEAM = K33J7AD8C7;
				INFOPLIST_FILE = PDFReaderTests/Info.plist;
				LD_RUNPATH_SEARCH_PATHS = (
					"$(inherited)",
					"@executable_path/Frameworks",
					"@loader_path/Frameworks",
				);
				PRODUCT_BUNDLE_IDENTIFIER = IDAP.PDFReaderTests;
				PRODUCT_NAME = "$(TARGET_NAME)";
				SWIFT_VERSION = 4.0;
				TARGETED_DEVICE_FAMILY = "1,2";
				TEST_HOST = "$(BUILT_PRODUCTS_DIR)/PDFReader.app/PDFReader";
			};
			name = Release;
		};
		040BCBAC2159430F00EC77C3 /* Debug */ = {
			isa = XCBuildConfiguration;
			buildSettings = {
				ALWAYS_EMBED_SWIFT_STANDARD_LIBRARIES = YES;
				CODE_SIGN_STYLE = Automatic;
				DEVELOPMENT_TEAM = K33J7AD8C7;
				INFOPLIST_FILE = PDFReaderUITests/Info.plist;
				LD_RUNPATH_SEARCH_PATHS = (
					"$(inherited)",
					"@executable_path/Frameworks",
					"@loader_path/Frameworks",
				);
				PRODUCT_BUNDLE_IDENTIFIER = IDAP.PDFReaderUITests;
				PRODUCT_NAME = "$(TARGET_NAME)";
				SWIFT_VERSION = 4.0;
				TARGETED_DEVICE_FAMILY = "1,2";
				TEST_TARGET_NAME = PDFReader;
			};
			name = Debug;
		};
		040BCBAD2159430F00EC77C3 /* Release */ = {
			isa = XCBuildConfiguration;
			buildSettings = {
				ALWAYS_EMBED_SWIFT_STANDARD_LIBRARIES = YES;
				CODE_SIGN_STYLE = Automatic;
				DEVELOPMENT_TEAM = K33J7AD8C7;
				INFOPLIST_FILE = PDFReaderUITests/Info.plist;
				LD_RUNPATH_SEARCH_PATHS = (
					"$(inherited)",
					"@executable_path/Frameworks",
					"@loader_path/Frameworks",
				);
				PRODUCT_BUNDLE_IDENTIFIER = IDAP.PDFReaderUITests;
				PRODUCT_NAME = "$(TARGET_NAME)";
				SWIFT_VERSION = 4.0;
				TARGETED_DEVICE_FAMILY = "1,2";
				TEST_TARGET_NAME = PDFReader;
			};
			name = Release;
		};
/* End XCBuildConfiguration section */

/* Begin XCConfigurationList section */
		040BCB782159430D00EC77C3 /* Build configuration list for PBXProject "PDFReader" */ = {
			isa = XCConfigurationList;
			buildConfigurations = (
				040BCBA32159430F00EC77C3 /* Debug */,
				040BCBA42159430F00EC77C3 /* Release */,
			);
			defaultConfigurationIsVisible = 0;
			defaultConfigurationName = Release;
		};
		040BCBA52159430F00EC77C3 /* Build configuration list for PBXNativeTarget "PDFReader" */ = {
			isa = XCConfigurationList;
			buildConfigurations = (
				040BCBA62159430F00EC77C3 /* Debug */,
				040BCBA72159430F00EC77C3 /* Release */,
			);
			defaultConfigurationIsVisible = 0;
			defaultConfigurationName = Release;
		};
		040BCBA82159430F00EC77C3 /* Build configuration list for PBXNativeTarget "PDFReaderTests" */ = {
			isa = XCConfigurationList;
			buildConfigurations = (
				040BCBA92159430F00EC77C3 /* Debug */,
				040BCBAA2159430F00EC77C3 /* Release */,
			);
			defaultConfigurationIsVisible = 0;
			defaultConfigurationName = Release;
		};
		040BCBAB2159430F00EC77C3 /* Build configuration list for PBXNativeTarget "PDFReaderUITests" */ = {
			isa = XCConfigurationList;
			buildConfigurations = (
				040BCBAC2159430F00EC77C3 /* Debug */,
				040BCBAD2159430F00EC77C3 /* Release */,
			);
			defaultConfigurationIsVisible = 0;
			defaultConfigurationName = Release;
		};
/* End XCConfigurationList section */
	};
	rootObject = 040BCB752159430D00EC77C3 /* Project object */;
}
